// !$*UTF8*$!
{
	archiveVersion = 1;
	classes = {
	};
	objectVersion = 56;
	objects = {

/* Begin PBXBuildFile section */
		810FBA1B2C905BF600C5CBE6 /* FooterView.swift in Sources */ = {isa = PBXBuildFile; fileRef = 810FBA1A2C905BF600C5CBE6 /* FooterView.swift */; };
		810FBA1D2C9072B600C5CBE6 /* NavigationBarView.swift in Sources */ = {isa = PBXBuildFile; fileRef = 810FBA1C2C9072B600C5CBE6 /* NavigationBarView.swift */; };
		810FBA1F2C90759600C5CBE6 /* LogoView.swift in Sources */ = {isa = PBXBuildFile; fileRef = 810FBA1E2C90759600C5CBE6 /* LogoView.swift */; };
		810FBA212C908C1E00C5CBE6 /* PlayerModel.swift in Sources */ = {isa = PBXBuildFile; fileRef = 810FBA202C908C1E00C5CBE6 /* PlayerModel.swift */; };
		810FBA232C908C9D00C5CBE6 /* CodableBundleExtension.swift in Sources */ = {isa = PBXBuildFile; fileRef = 810FBA222C908C9D00C5CBE6 /* CodableBundleExtension.swift */; };
		810FBA252C908E9C00C5CBE6 /* FeaturedItemView.swift in Sources */ = {isa = PBXBuildFile; fileRef = 810FBA242C908E9C00C5CBE6 /* FeaturedItemView.swift */; };
		810FBA272C90902F00C5CBE6 /* FeaturedTabView.swift in Sources */ = {isa = PBXBuildFile; fileRef = 810FBA262C90902F00C5CBE6 /* FeaturedTabView.swift */; };
		810FBA292C90B01900C5CBE6 /* CategoryModel.swift in Sources */ = {isa = PBXBuildFile; fileRef = 810FBA282C90B01900C5CBE6 /* CategoryModel.swift */; };
		810FBA2B2C90B34400C5CBE6 /* CategoryItemView.swift in Sources */ = {isa = PBXBuildFile; fileRef = 810FBA2A2C90B34400C5CBE6 /* CategoryItemView.swift */; };
		810FBA2D2C90B64200C5CBE6 /* CategoryGridView.swift in Sources */ = {isa = PBXBuildFile; fileRef = 810FBA2C2C90B64200C5CBE6 /* CategoryGridView.swift */; };
		810FBA2F2C90C22500C5CBE6 /* SectionView.swift in Sources */ = {isa = PBXBuildFile; fileRef = 810FBA2E2C90C22500C5CBE6 /* SectionView.swift */; };
		814DDA0F2C91BA2300F91FF7 /* ProductModel.swift in Sources */ = {isa = PBXBuildFile; fileRef = 814DDA0E2C91BA2300F91FF7 /* ProductModel.swift */; };
		814DDA112C91BA6700F91FF7 /* TitleView.swift in Sources */ = {isa = PBXBuildFile; fileRef = 814DDA102C91BA6700F91FF7 /* TitleView.swift */; };
		814DDA132C91BD3300F91FF7 /* ProductItemView.swift in Sources */ = {isa = PBXBuildFile; fileRef = 814DDA122C91BD3300F91FF7 /* ProductItemView.swift */; };
		814DDA152C91C7AF00F91FF7 /* BrandModel.swift in Sources */ = {isa = PBXBuildFile; fileRef = 814DDA142C91C7AF00F91FF7 /* BrandModel.swift */; };
		814DDA172C91C7FC00F91FF7 /* BrandItemView.swift in Sources */ = {isa = PBXBuildFile; fileRef = 814DDA162C91C7FC00F91FF7 /* BrandItemView.swift */; };
		814DDA1B2C91C9EA00F91FF7 /* BrandGridView.swift in Sources */ = {isa = PBXBuildFile; fileRef = 814DDA1A2C91C9EA00F91FF7 /* BrandGridView.swift */; };
		814DDA1D2C91D62C00F91FF7 /* ProductDetailView.swift in Sources */ = {isa = PBXBuildFile; fileRef = 814DDA1C2C91D62C00F91FF7 /* ProductDetailView.swift */; };
		814DDA1F2C91DB8300F91FF7 /* NavigationBarDetailView.swift in Sources */ = {isa = PBXBuildFile; fileRef = 814DDA1E2C91DB8300F91FF7 /* NavigationBarDetailView.swift */; };
		814DDA212C91E3D000F91FF7 /* HeaderDetailView.swift in Sources */ = {isa = PBXBuildFile; fileRef = 814DDA202C91E3D000F91FF7 /* HeaderDetailView.swift */; };
		814DDA232C91E59100F91FF7 /* TopPartDetailView.swift in Sources */ = {isa = PBXBuildFile; fileRef = 814DDA222C91E59100F91FF7 /* TopPartDetailView.swift */; };
		8166E3A12C8F800B0092445D /* TouchdownApp.swift in Sources */ = {isa = PBXBuildFile; fileRef = 8166E3A02C8F800B0092445D /* TouchdownApp.swift */; };
		8166E3A32C8F800B0092445D /* ContentView.swift in Sources */ = {isa = PBXBuildFile; fileRef = 8166E3A22C8F800B0092445D /* ContentView.swift */; };
		8166E3A52C8F800D0092445D /* Assets.xcassets in Resources */ = {isa = PBXBuildFile; fileRef = 8166E3A42C8F800D0092445D /* Assets.xcassets */; };
		8166E3A82C8F800D0092445D /* Preview Assets.xcassets in Resources */ = {isa = PBXBuildFile; fileRef = 8166E3A72C8F800D0092445D /* Preview Assets.xcassets */; };
		8166E3B22C8F82F50092445D /* player.json in Resources */ = {isa = PBXBuildFile; fileRef = 8166E3AE2C8F82F40092445D /* player.json */; };
		8166E3B32C8F82F50092445D /* brand.json in Resources */ = {isa = PBXBuildFile; fileRef = 8166E3AF2C8F82F40092445D /* brand.json */; };
		8166E3B42C8F82F50092445D /* product.json in Resources */ = {isa = PBXBuildFile; fileRef = 8166E3B02C8F82F40092445D /* product.json */; };
		8166E3B52C8F82F50092445D /* category.json in Resources */ = {isa = PBXBuildFile; fileRef = 8166E3B12C8F82F40092445D /* category.json */; };
		8166E3C12C8F9B960092445D /* Constant.swift in Sources */ = {isa = PBXBuildFile; fileRef = 8166E3C02C8F9B960092445D /* Constant.swift */; };
		817C53962C99E7F800C25312 /* CustomShape.swift in Sources */ = {isa = PBXBuildFile; fileRef = 817C53952C99E7F800C25312 /* CustomShape.swift */; };
		817C53982C99EEB900C25312 /* RatingsSizesDetailView.swift in Sources */ = {isa = PBXBuildFile; fileRef = 817C53972C99EEB900C25312 /* RatingsSizesDetailView.swift */; };
		817C539A2C99F94600C25312 /* QuantityFavouriteDetailView.swift in Sources */ = {isa = PBXBuildFile; fileRef = 817C53992C99F94600C25312 /* QuantityFavouriteDetailView.swift */; };
		817C539C2C99FF2C00C25312 /* AddToCardDetailView.swift in Sources */ = {isa = PBXBuildFile; fileRef = 817C539B2C99FF2C00C25312 /* AddToCardDetailView.swift */; };
/* End PBXBuildFile section */

/* Begin PBXFileReference section */
		810FBA1A2C905BF600C5CBE6 /* FooterView.swift */ = {isa = PBXFileReference; lastKnownFileType = sourcecode.swift; path = FooterView.swift; sourceTree = "<group>"; };
		810FBA1C2C9072B600C5CBE6 /* NavigationBarView.swift */ = {isa = PBXFileReference; lastKnownFileType = sourcecode.swift; path = NavigationBarView.swift; sourceTree = "<group>"; };
		810FBA1E2C90759600C5CBE6 /* LogoView.swift */ = {isa = PBXFileReference; lastKnownFileType = sourcecode.swift; path = LogoView.swift; sourceTree = "<group>"; };
		810FBA202C908C1E00C5CBE6 /* PlayerModel.swift */ = {isa = PBXFileReference; lastKnownFileType = sourcecode.swift; path = PlayerModel.swift; sourceTree = "<group>"; };
		810FBA222C908C9D00C5CBE6 /* CodableBundleExtension.swift */ = {isa = PBXFileReference; lastKnownFileType = sourcecode.swift; path = CodableBundleExtension.swift; sourceTree = "<group>"; };
		810FBA242C908E9C00C5CBE6 /* FeaturedItemView.swift */ = {isa = PBXFileReference; lastKnownFileType = sourcecode.swift; path = FeaturedItemView.swift; sourceTree = "<group>"; };
		810FBA262C90902F00C5CBE6 /* FeaturedTabView.swift */ = {isa = PBXFileReference; lastKnownFileType = sourcecode.swift; path = FeaturedTabView.swift; sourceTree = "<group>"; };
		810FBA282C90B01900C5CBE6 /* CategoryModel.swift */ = {isa = PBXFileReference; lastKnownFileType = sourcecode.swift; path = CategoryModel.swift; sourceTree = "<group>"; };
		810FBA2A2C90B34400C5CBE6 /* CategoryItemView.swift */ = {isa = PBXFileReference; lastKnownFileType = sourcecode.swift; path = CategoryItemView.swift; sourceTree = "<group>"; };
		810FBA2C2C90B64200C5CBE6 /* CategoryGridView.swift */ = {isa = PBXFileReference; lastKnownFileType = sourcecode.swift; path = CategoryGridView.swift; sourceTree = "<group>"; };
		810FBA2E2C90C22500C5CBE6 /* SectionView.swift */ = {isa = PBXFileReference; lastKnownFileType = sourcecode.swift; path = SectionView.swift; sourceTree = "<group>"; };
		814DDA0E2C91BA2300F91FF7 /* ProductModel.swift */ = {isa = PBXFileReference; lastKnownFileType = sourcecode.swift; path = ProductModel.swift; sourceTree = "<group>"; };
		814DDA102C91BA6700F91FF7 /* TitleView.swift */ = {isa = PBXFileReference; lastKnownFileType = sourcecode.swift; path = TitleView.swift; sourceTree = "<group>"; };
		814DDA122C91BD3300F91FF7 /* ProductItemView.swift */ = {isa = PBXFileReference; lastKnownFileType = sourcecode.swift; path = ProductItemView.swift; sourceTree = "<group>"; };
		814DDA142C91C7AF00F91FF7 /* BrandModel.swift */ = {isa = PBXFileReference; lastKnownFileType = sourcecode.swift; path = BrandModel.swift; sourceTree = "<group>"; };
		814DDA162C91C7FC00F91FF7 /* BrandItemView.swift */ = {isa = PBXFileReference; lastKnownFileType = sourcecode.swift; path = BrandItemView.swift; sourceTree = "<group>"; };
		814DDA1A2C91C9EA00F91FF7 /* BrandGridView.swift */ = {isa = PBXFileReference; lastKnownFileType = sourcecode.swift; path = BrandGridView.swift; sourceTree = "<group>"; };
		814DDA1C2C91D62C00F91FF7 /* ProductDetailView.swift */ = {isa = PBXFileReference; lastKnownFileType = sourcecode.swift; path = ProductDetailView.swift; sourceTree = "<group>"; };
		814DDA1E2C91DB8300F91FF7 /* NavigationBarDetailView.swift */ = {isa = PBXFileReference; lastKnownFileType = sourcecode.swift; path = NavigationBarDetailView.swift; sourceTree = "<group>"; };
		814DDA202C91E3D000F91FF7 /* HeaderDetailView.swift */ = {isa = PBXFileReference; lastKnownFileType = sourcecode.swift; path = HeaderDetailView.swift; sourceTree = "<group>"; };
		814DDA222C91E59100F91FF7 /* TopPartDetailView.swift */ = {isa = PBXFileReference; lastKnownFileType = sourcecode.swift; path = TopPartDetailView.swift; sourceTree = "<group>"; };
		8166E39D2C8F800B0092445D /* Touchdown.app */ = {isa = PBXFileReference; explicitFileType = wrapper.application; includeInIndex = 0; path = Touchdown.app; sourceTree = BUILT_PRODUCTS_DIR; };
		8166E3A02C8F800B0092445D /* TouchdownApp.swift */ = {isa = PBXFileReference; lastKnownFileType = sourcecode.swift; path = TouchdownApp.swift; sourceTree = "<group>"; };
		8166E3A22C8F800B0092445D /* ContentView.swift */ = {isa = PBXFileReference; lastKnownFileType = sourcecode.swift; path = ContentView.swift; sourceTree = "<group>"; };
		8166E3A42C8F800D0092445D /* Assets.xcassets */ = {isa = PBXFileReference; lastKnownFileType = folder.assetcatalog; path = Assets.xcassets; sourceTree = "<group>"; };
		8166E3A72C8F800D0092445D /* Preview Assets.xcassets */ = {isa = PBXFileReference; lastKnownFileType = folder.assetcatalog; path = "Preview Assets.xcassets"; sourceTree = "<group>"; };
		8166E3AE2C8F82F40092445D /* player.json */ = {isa = PBXFileReference; fileEncoding = 4; lastKnownFileType = text.json; path = player.json; sourceTree = "<group>"; };
		8166E3AF2C8F82F40092445D /* brand.json */ = {isa = PBXFileReference; fileEncoding = 4; lastKnownFileType = text.json; path = brand.json; sourceTree = "<group>"; };
		8166E3B02C8F82F40092445D /* product.json */ = {isa = PBXFileReference; fileEncoding = 4; lastKnownFileType = text.json; path = product.json; sourceTree = "<group>"; };
		8166E3B12C8F82F40092445D /* category.json */ = {isa = PBXFileReference; fileEncoding = 4; lastKnownFileType = text.json; path = category.json; sourceTree = "<group>"; };
		8166E3B82C8F95180092445D /* Info.plist */ = {isa = PBXFileReference; lastKnownFileType = text.plist; path = Info.plist; sourceTree = "<group>"; };
		8166E3C02C8F9B960092445D /* Constant.swift */ = {isa = PBXFileReference; lastKnownFileType = sourcecode.swift; path = Constant.swift; sourceTree = "<group>"; };
		817C53952C99E7F800C25312 /* CustomShape.swift */ = {isa = PBXFileReference; lastKnownFileType = sourcecode.swift; path = CustomShape.swift; sourceTree = "<group>"; };
		817C53972C99EEB900C25312 /* RatingsSizesDetailView.swift */ = {isa = PBXFileReference; lastKnownFileType = sourcecode.swift; path = RatingsSizesDetailView.swift; sourceTree = "<group>"; };
		817C53992C99F94600C25312 /* QuantityFavouriteDetailView.swift */ = {isa = PBXFileReference; lastKnownFileType = sourcecode.swift; path = QuantityFavouriteDetailView.swift; sourceTree = "<group>"; };
		817C539B2C99FF2C00C25312 /* AddToCardDetailView.swift */ = {isa = PBXFileReference; lastKnownFileType = sourcecode.swift; path = AddToCardDetailView.swift; sourceTree = "<group>"; };
/* End PBXFileReference section */

/* Begin PBXFrameworksBuildPhase section */
		8166E39A2C8F800B0092445D /* Frameworks */ = {
			isa = PBXFrameworksBuildPhase;
			buildActionMask = 2147483647;
			files = (
			);
			runOnlyForDeploymentPostprocessing = 0;
		};
/* End PBXFrameworksBuildPhase section */

/* Begin PBXGroup section */
		8166E3942C8F800B0092445D = {
			isa = PBXGroup;
			children = (
				8166E39F2C8F800B0092445D /* Touchdown */,
				8166E39E2C8F800B0092445D /* Products */,
			);
			sourceTree = "<group>";
		};
		8166E39E2C8F800B0092445D /* Products */ = {
			isa = PBXGroup;
			children = (
				8166E39D2C8F800B0092445D /* Touchdown.app */,
			);
			name = Products;
			sourceTree = "<group>";
		};
		8166E39F2C8F800B0092445D /* Touchdown */ = {
			isa = PBXGroup;
			children = (
				8166E3B92C8F989D0092445D /* App */,
				8166E3BA2C8F98D80092445D /* View */,
				8166E3B72C8F83AB0092445D /* Data */,
				8166E3BD2C8F99460092445D /* Model */,
				8166E3BE2C8F99540092445D /* Extension */,
				8166E3BF2C8F99910092445D /* Utility */,
				8166E3B82C8F95180092445D /* Info.plist */,
				8166E3A42C8F800D0092445D /* Assets.xcassets */,
				8166E3A62C8F800D0092445D /* Preview Content */,
			);
			path = Touchdown;
			sourceTree = "<group>";
		};
		8166E3A62C8F800D0092445D /* Preview Content */ = {
			isa = PBXGroup;
			children = (
				8166E3A72C8F800D0092445D /* Preview Assets.xcassets */,
			);
			path = "Preview Content";
			sourceTree = "<group>";
		};
		8166E3B72C8F83AB0092445D /* Data */ = {
			isa = PBXGroup;
			children = (
				8166E3AF2C8F82F40092445D /* brand.json */,
				8166E3B12C8F82F40092445D /* category.json */,
				8166E3AE2C8F82F40092445D /* player.json */,
				8166E3B02C8F82F40092445D /* product.json */,
			);
			path = Data;
			sourceTree = "<group>";
		};
		8166E3B92C8F989D0092445D /* App */ = {
			isa = PBXGroup;
			children = (
				8166E3A02C8F800B0092445D /* TouchdownApp.swift */,
				8166E3A22C8F800B0092445D /* ContentView.swift */,
				814DDA1C2C91D62C00F91FF7 /* ProductDetailView.swift */,
			);
			path = App;
			sourceTree = "<group>";
		};
		8166E3BA2C8F98D80092445D /* View */ = {
			isa = PBXGroup;
			children = (
				8166E3BB2C8F98F70092445D /* Home */,
				8166E3BC2C8F99040092445D /* Detail */,
			);
			path = View;
			sourceTree = "<group>";
		};
		8166E3BB2C8F98F70092445D /* Home */ = {
			isa = PBXGroup;
			children = (
				810FBA1A2C905BF600C5CBE6 /* FooterView.swift */,
				810FBA1C2C9072B600C5CBE6 /* NavigationBarView.swift */,
				810FBA1E2C90759600C5CBE6 /* LogoView.swift */,
				810FBA242C908E9C00C5CBE6 /* FeaturedItemView.swift */,
				810FBA262C90902F00C5CBE6 /* FeaturedTabView.swift */,
				810FBA2A2C90B34400C5CBE6 /* CategoryItemView.swift */,
				810FBA2C2C90B64200C5CBE6 /* CategoryGridView.swift */,
				810FBA2E2C90C22500C5CBE6 /* SectionView.swift */,
				814DDA102C91BA6700F91FF7 /* TitleView.swift */,
				814DDA122C91BD3300F91FF7 /* ProductItemView.swift */,
				814DDA162C91C7FC00F91FF7 /* BrandItemView.swift */,
				814DDA1A2C91C9EA00F91FF7 /* BrandGridView.swift */,
			);
			path = Home;
			sourceTree = "<group>";
		};
		8166E3BC2C8F99040092445D /* Detail */ = {
			isa = PBXGroup;
			children = (
				814DDA1E2C91DB8300F91FF7 /* NavigationBarDetailView.swift */,
				814DDA202C91E3D000F91FF7 /* HeaderDetailView.swift */,
				814DDA222C91E59100F91FF7 /* TopPartDetailView.swift */,
				817C53972C99EEB900C25312 /* RatingsSizesDetailView.swift */,
				817C53992C99F94600C25312 /* QuantityFavouriteDetailView.swift */,
				817C539B2C99FF2C00C25312 /* AddToCardDetailView.swift */,
			);
			path = Detail;
			sourceTree = "<group>";
		};
		8166E3BD2C8F99460092445D /* Model */ = {
			isa = PBXGroup;
			children = (
				810FBA202C908C1E00C5CBE6 /* PlayerModel.swift */,
				810FBA282C90B01900C5CBE6 /* CategoryModel.swift */,
				814DDA0E2C91BA2300F91FF7 /* ProductModel.swift */,
				814DDA142C91C7AF00F91FF7 /* BrandModel.swift */,
			);
			path = Model;
			sourceTree = "<group>";
		};
		8166E3BE2C8F99540092445D /* Extension */ = {
			isa = PBXGroup;
			children = (
				810FBA222C908C9D00C5CBE6 /* CodableBundleExtension.swift */,
			);
			path = Extension;
			sourceTree = "<group>";
		};
		8166E3BF2C8F99910092445D /* Utility */ = {
			isa = PBXGroup;
			children = (
				8166E3C02C8F9B960092445D /* Constant.swift */,
				817C53952C99E7F800C25312 /* CustomShape.swift */,
			);
			path = Utility;
			sourceTree = "<group>";
		};
/* End PBXGroup section */

/* Begin PBXNativeTarget section */
		8166E39C2C8F800B0092445D /* Touchdown */ = {
			isa = PBXNativeTarget;
			buildConfigurationList = 8166E3AB2C8F800D0092445D /* Build configuration list for PBXNativeTarget "Touchdown" */;
			buildPhases = (
				8166E3992C8F800B0092445D /* Sources */,
				8166E39A2C8F800B0092445D /* Frameworks */,
				8166E39B2C8F800B0092445D /* Resources */,
			);
			buildRules = (
			);
			dependencies = (
			);
			name = Touchdown;
			productName = Touchdown;
			productReference = 8166E39D2C8F800B0092445D /* Touchdown.app */;
			productType = "com.apple.product-type.application";
		};
/* End PBXNativeTarget section */

/* Begin PBXProject section */
		8166E3952C8F800B0092445D /* Project object */ = {
			isa = PBXProject;
			attributes = {
				BuildIndependentTargetsInParallel = 1;
				LastSwiftUpdateCheck = 1540;
				LastUpgradeCheck = 1540;
				TargetAttributes = {
					8166E39C2C8F800B0092445D = {
						CreatedOnToolsVersion = 15.4;
					};
				};
			};
			buildConfigurationList = 8166E3982C8F800B0092445D /* Build configuration list for PBXProject "Touchdown" */;
			compatibilityVersion = "Xcode 14.0";
			developmentRegion = en;
			hasScannedForEncodings = 0;
			knownRegions = (
				en,
				Base,
			);
			mainGroup = 8166E3942C8F800B0092445D;
			productRefGroup = 8166E39E2C8F800B0092445D /* Products */;
			projectDirPath = "";
			projectRoot = "";
			targets = (
				8166E39C2C8F800B0092445D /* Touchdown */,
			);
		};
/* End PBXProject section */

/* Begin PBXResourcesBuildPhase section */
		8166E39B2C8F800B0092445D /* Resources */ = {
			isa = PBXResourcesBuildPhase;
			buildActionMask = 2147483647;
			files = (
				8166E3B22C8F82F50092445D /* player.json in Resources */,
				8166E3B32C8F82F50092445D /* brand.json in Resources */,
				8166E3A82C8F800D0092445D /* Preview Assets.xcassets in Resources */,
				8166E3B52C8F82F50092445D /* category.json in Resources */,
				8166E3A52C8F800D0092445D /* Assets.xcassets in Resources */,
				8166E3B42C8F82F50092445D /* product.json in Resources */,
			);
			runOnlyForDeploymentPostprocessing = 0;
		};
/* End PBXResourcesBuildPhase section */

/* Begin PBXSourcesBuildPhase section */
		8166E3992C8F800B0092445D /* Sources */ = {
			isa = PBXSourcesBuildPhase;
			buildActionMask = 2147483647;
			files = (
				810FBA232C908C9D00C5CBE6 /* CodableBundleExtension.swift in Sources */,
				814DDA212C91E3D000F91FF7 /* HeaderDetailView.swift in Sources */,
				814DDA232C91E59100F91FF7 /* TopPartDetailView.swift in Sources */,
				8166E3A32C8F800B0092445D /* ContentView.swift in Sources */,
				810FBA1F2C90759600C5CBE6 /* LogoView.swift in Sources */,
				810FBA1B2C905BF600C5CBE6 /* FooterView.swift in Sources */,
				814DDA0F2C91BA2300F91FF7 /* ProductModel.swift in Sources */,
				814DDA132C91BD3300F91FF7 /* ProductItemView.swift in Sources */,
				817C539C2C99FF2C00C25312 /* AddToCardDetailView.swift in Sources */,
				814DDA1B2C91C9EA00F91FF7 /* BrandGridView.swift in Sources */,
				817C53982C99EEB900C25312 /* RatingsSizesDetailView.swift in Sources */,
				810FBA252C908E9C00C5CBE6 /* FeaturedItemView.swift in Sources */,
				814DDA1D2C91D62C00F91FF7 /* ProductDetailView.swift in Sources */,
				814DDA1F2C91DB8300F91FF7 /* NavigationBarDetailView.swift in Sources */,
				8166E3A12C8F800B0092445D /* TouchdownApp.swift in Sources */,
				814DDA112C91BA6700F91FF7 /* TitleView.swift in Sources */,
				8166E3C12C8F9B960092445D /* Constant.swift in Sources */,
				810FBA2D2C90B64200C5CBE6 /* CategoryGridView.swift in Sources */,
				810FBA292C90B01900C5CBE6 /* CategoryModel.swift in Sources */,
				814DDA172C91C7FC00F91FF7 /* BrandItemView.swift in Sources */,
				810FBA1D2C9072B600C5CBE6 /* NavigationBarView.swift in Sources */,
				810FBA2F2C90C22500C5CBE6 /* SectionView.swift in Sources */,
				817C53962C99E7F800C25312 /* CustomShape.swift in Sources */,
				810FBA2B2C90B34400C5CBE6 /* CategoryItemView.swift in Sources */,
				814DDA152C91C7AF00F91FF7 /* BrandModel.swift in Sources */,
				810FBA272C90902F00C5CBE6 /* FeaturedTabView.swift in Sources */,
				817C539A2C99F94600C25312 /* QuantityFavouriteDetailView.swift in Sources */,
				810FBA212C908C1E00C5CBE6 /* PlayerModel.swift in Sources */,
			);
			runOnlyForDeploymentPostprocessing = 0;
		};
/* End PBXSourcesBuildPhase section */

/* Begin XCBuildConfiguration section */
		8166E3A92C8F800D0092445D /* Debug */ = {
			isa = XCBuildConfiguration;
			buildSettings = {
				ALWAYS_SEARCH_USER_PATHS = NO;
				ASSETCATALOG_COMPILER_GENERATE_SWIFT_ASSET_SYMBOL_EXTENSIONS = YES;
				CLANG_ANALYZER_NONNULL = YES;
				CLANG_ANALYZER_NUMBER_OBJECT_CONVERSION = YES_AGGRESSIVE;
				CLANG_CXX_LANGUAGE_STANDARD = "gnu++20";
				CLANG_ENABLE_MODULES = YES;
				CLANG_ENABLE_OBJC_ARC = YES;
				CLANG_ENABLE_OBJC_WEAK = YES;
				CLANG_WARN_BLOCK_CAPTURE_AUTORELEASING = YES;
				CLANG_WARN_BOOL_CONVERSION = YES;
				CLANG_WARN_COMMA = YES;
				CLANG_WARN_CONSTANT_CONVERSION = YES;
				CLANG_WARN_DEPRECATED_OBJC_IMPLEMENTATIONS = YES;
				CLANG_WARN_DIRECT_OBJC_ISA_USAGE = YES_ERROR;
				CLANG_WARN_DOCUMENTATION_COMMENTS = YES;
				CLANG_WARN_EMPTY_BODY = YES;
				CLANG_WARN_ENUM_CONVERSION = YES;
				CLANG_WARN_INFINITE_RECURSION = YES;
				CLANG_WARN_INT_CONVERSION = YES;
				CLANG_WARN_NON_LITERAL_NULL_CONVERSION = YES;
				CLANG_WARN_OBJC_IMPLICIT_RETAIN_SELF = YES;
				CLANG_WARN_OBJC_LITERAL_CONVERSION = YES;
				CLANG_WARN_OBJC_ROOT_CLASS = YES_ERROR;
				CLANG_WARN_QUOTED_INCLUDE_IN_FRAMEWORK_HEADER = YES;
				CLANG_WARN_RANGE_LOOP_ANALYSIS = YES;
				CLANG_WARN_STRICT_PROTOTYPES = YES;
				CLANG_WARN_SUSPICIOUS_MOVE = YES;
				CLANG_WARN_UNGUARDED_AVAILABILITY = YES_AGGRESSIVE;
				CLANG_WARN_UNREACHABLE_CODE = YES;
				CLANG_WARN__DUPLICATE_METHOD_MATCH = YES;
				COPY_PHASE_STRIP = NO;
				DEBUG_INFORMATION_FORMAT = dwarf;
				ENABLE_STRICT_OBJC_MSGSEND = YES;
				ENABLE_TESTABILITY = YES;
				ENABLE_USER_SCRIPT_SANDBOXING = YES;
				GCC_C_LANGUAGE_STANDARD = gnu17;
				GCC_DYNAMIC_NO_PIC = NO;
				GCC_NO_COMMON_BLOCKS = YES;
				GCC_OPTIMIZATION_LEVEL = 0;
				GCC_PREPROCESSOR_DEFINITIONS = (
					"DEBUG=1",
					"$(inherited)",
				);
				GCC_WARN_64_TO_32_BIT_CONVERSION = YES;
				GCC_WARN_ABOUT_RETURN_TYPE = YES_ERROR;
				GCC_WARN_UNDECLARED_SELECTOR = YES;
				GCC_WARN_UNINITIALIZED_AUTOS = YES_AGGRESSIVE;
				GCC_WARN_UNUSED_FUNCTION = YES;
				GCC_WARN_UNUSED_VARIABLE = YES;
				IPHONEOS_DEPLOYMENT_TARGET = 17.5;
				LOCALIZATION_PREFERS_STRING_CATALOGS = YES;
				MTL_ENABLE_DEBUG_INFO = INCLUDE_SOURCE;
				MTL_FAST_MATH = YES;
				ONLY_ACTIVE_ARCH = YES;
				SDKROOT = iphoneos;
				SWIFT_ACTIVE_COMPILATION_CONDITIONS = "DEBUG $(inherited)";
				SWIFT_OPTIMIZATION_LEVEL = "-Onone";
			};
			name = Debug;
		};
		8166E3AA2C8F800D0092445D /* Release */ = {
			isa = XCBuildConfiguration;
			buildSettings = {
				ALWAYS_SEARCH_USER_PATHS = NO;
				ASSETCATALOG_COMPILER_GENERATE_SWIFT_ASSET_SYMBOL_EXTENSIONS = YES;
				CLANG_ANALYZER_NONNULL = YES;
				CLANG_ANALYZER_NUMBER_OBJECT_CONVERSION = YES_AGGRESSIVE;
				CLANG_CXX_LANGUAGE_STANDARD = "gnu++20";
				CLANG_ENABLE_MODULES = YES;
				CLANG_ENABLE_OBJC_ARC = YES;
				CLANG_ENABLE_OBJC_WEAK = YES;
				CLANG_WARN_BLOCK_CAPTURE_AUTORELEASING = YES;
				CLANG_WARN_BOOL_CONVERSION = YES;
				CLANG_WARN_COMMA = YES;
				CLANG_WARN_CONSTANT_CONVERSION = YES;
				CLANG_WARN_DEPRECATED_OBJC_IMPLEMENTATIONS = YES;
				CLANG_WARN_DIRECT_OBJC_ISA_USAGE = YES_ERROR;
				CLANG_WARN_DOCUMENTATION_COMMENTS = YES;
				CLANG_WARN_EMPTY_BODY = YES;
				CLANG_WARN_ENUM_CONVERSION = YES;
				CLANG_WARN_INFINITE_RECURSION = YES;
				CLANG_WARN_INT_CONVERSION = YES;
				CLANG_WARN_NON_LITERAL_NULL_CONVERSION = YES;
				CLANG_WARN_OBJC_IMPLICIT_RETAIN_SELF = YES;
				CLANG_WARN_OBJC_LITERAL_CONVERSION = YES;
				CLANG_WARN_OBJC_ROOT_CLASS = YES_ERROR;
				CLANG_WARN_QUOTED_INCLUDE_IN_FRAMEWORK_HEADER = YES;
				CLANG_WARN_RANGE_LOOP_ANALYSIS = YES;
				CLANG_WARN_STRICT_PROTOTYPES = YES;
				CLANG_WARN_SUSPICIOUS_MOVE = YES;
				CLANG_WARN_UNGUARDED_AVAILABILITY = YES_AGGRESSIVE;
				CLANG_WARN_UNREACHABLE_CODE = YES;
				CLANG_WARN__DUPLICATE_METHOD_MATCH = YES;
				COPY_PHASE_STRIP = NO;
				DEBUG_INFORMATION_FORMAT = "dwarf-with-dsym";
				ENABLE_NS_ASSERTIONS = NO;
				ENABLE_STRICT_OBJC_MSGSEND = YES;
				ENABLE_USER_SCRIPT_SANDBOXING = YES;
				GCC_C_LANGUAGE_STANDARD = gnu17;
				GCC_NO_COMMON_BLOCKS = YES;
				GCC_WARN_64_TO_32_BIT_CONVERSION = YES;
				GCC_WARN_ABOUT_RETURN_TYPE = YES_ERROR;
				GCC_WARN_UNDECLARED_SELECTOR = YES;
				GCC_WARN_UNINITIALIZED_AUTOS = YES_AGGRESSIVE;
				GCC_WARN_UNUSED_FUNCTION = YES;
				GCC_WARN_UNUSED_VARIABLE = YES;
				IPHONEOS_DEPLOYMENT_TARGET = 17.5;
				LOCALIZATION_PREFERS_STRING_CATALOGS = YES;
				MTL_ENABLE_DEBUG_INFO = NO;
				MTL_FAST_MATH = YES;
				SDKROOT = iphoneos;
				SWIFT_COMPILATION_MODE = wholemodule;
				VALIDATE_PRODUCT = YES;
			};
			name = Release;
		};
		8166E3AC2C8F800D0092445D /* Debug */ = {
			isa = XCBuildConfiguration;
			buildSettings = {
				ASSETCATALOG_COMPILER_APPICON_NAME = AppIcon;
				ASSETCATALOG_COMPILER_GLOBAL_ACCENT_COLOR_NAME = AccentColor;
				CODE_SIGN_STYLE = Automatic;
				CURRENT_PROJECT_VERSION = 1;
				DEVELOPMENT_ASSET_PATHS = "\"Touchdown/Preview Content\"";
				DEVELOPMENT_TEAM = SY6ZNF36XU;
				ENABLE_PREVIEWS = YES;
				GENERATE_INFOPLIST_FILE = YES;
				INFOPLIST_FILE = Touchdown/Info.plist;
				INFOPLIST_KEY_UIApplicationSceneManifest_Generation = YES;
				INFOPLIST_KEY_UIApplicationSupportsIndirectInputEvents = YES;
				INFOPLIST_KEY_UISupportedInterfaceOrientations = UIInterfaceOrientationPortrait;
				INFOPLIST_KEY_UIUserInterfaceStyle = Light;
				IPHONEOS_DEPLOYMENT_TARGET = 15.0;
				LD_RUNPATH_SEARCH_PATHS = (
					"$(inherited)",
					"@executable_path/Frameworks",
				);
				MARKETING_VERSION = 1.0;
				PRODUCT_BUNDLE_IDENTIFIER = com.gizemdemirtas.Touchdown;
				PRODUCT_NAME = "$(TARGET_NAME)";
				SWIFT_EMIT_LOC_STRINGS = YES;
				SWIFT_VERSION = 5.0;
				TARGETED_DEVICE_FAMILY = "1,2";
			};
			name = Debug;
		};
		8166E3AD2C8F800D0092445D /* Release */ = {
			isa = XCBuildConfiguration;
			buildSettings = {
				ASSETCATALOG_COMPILER_APPICON_NAME = AppIcon;
				ASSETCATALOG_COMPILER_GLOBAL_ACCENT_COLOR_NAME = AccentColor;
				CODE_SIGN_STYLE = Automatic;
				CURRENT_PROJECT_VERSION = 1;
				DEVELOPMENT_ASSET_PATHS = "\"Touchdown/Preview Content\"";
				DEVELOPMENT_TEAM = SY6ZNF36XU;
				ENABLE_PREVIEWS = YES;
				GENERATE_INFOPLIST_FILE = YES;
				INFOPLIST_FILE = Touchdown/Info.plist;
				INFOPLIST_KEY_UIApplicationSceneManifest_Generation = YES;
				INFOPLIST_KEY_UIApplicationSupportsIndirectInputEvents = YES;
				INFOPLIST_KEY_UISupportedInterfaceOrientations = UIInterfaceOrientationPortrait;
				INFOPLIST_KEY_UIUserInterfaceStyle = Light;
				IPHONEOS_DEPLOYMENT_TARGET = 15.0;
				LD_RUNPATH_SEARCH_PATHS = (
					"$(inherited)",
					"@executable_path/Frameworks",
				);
				MARKETING_VERSION = 1.0;
				PRODUCT_BUNDLE_IDENTIFIER = com.gizemdemirtas.Touchdown;
				PRODUCT_NAME = "$(TARGET_NAME)";
				SWIFT_EMIT_LOC_STRINGS = YES;
				SWIFT_VERSION = 5.0;
				TARGETED_DEVICE_FAMILY = "1,2";
			};
			name = Release;
		};
/* End XCBuildConfiguration section */

/* Begin XCConfigurationList section */
		8166E3982C8F800B0092445D /* Build configuration list for PBXProject "Touchdown" */ = {
			isa = XCConfigurationList;
			buildConfigurations = (
				8166E3A92C8F800D0092445D /* Debug */,
				8166E3AA2C8F800D0092445D /* Release */,
			);
			defaultConfigurationIsVisible = 0;
			defaultConfigurationName = Release;
		};
		8166E3AB2C8F800D0092445D /* Build configuration list for PBXNativeTarget "Touchdown" */ = {
			isa = XCConfigurationList;
			buildConfigurations = (
				8166E3AC2C8F800D0092445D /* Debug */,
				8166E3AD2C8F800D0092445D /* Release */,
			);
			defaultConfigurationIsVisible = 0;
			defaultConfigurationName = Release;
		};
/* End XCConfigurationList section */
	};
	rootObject = 8166E3952C8F800B0092445D /* Project object */;
}
